{
    "_readme": [
        "This file locks the dependencies of your project to a known state",
        "Read more about it at https://getcomposer.org/doc/01-basic-usage.md#installing-dependencies",
        "This file is @generated automatically"
    ],
    "content-hash": "7931f40f480034fff9951fd92d8ed5b1",
    "packages": [
        {
            "name": "composer/installers",
            "version": "v2.3.0",
            "source": {
                "type": "git",
                "url": "https://github.com/composer/installers.git",
                "reference": "12fb2dfe5e16183de69e784a7b84046c43d97e8e"
            },
            "dist": {
                "type": "zip",
                "url": "https://api.github.com/repos/composer/installers/zipball/12fb2dfe5e16183de69e784a7b84046c43d97e8e",
                "reference": "12fb2dfe5e16183de69e784a7b84046c43d97e8e",
                "shasum": ""
            },
            "require": {
                "composer-plugin-api": "^1.0 || ^2.0",
                "php": "^7.2 || ^8.0"
            },
            "require-dev": {
                "composer/composer": "^1.10.27 || ^2.7",
                "composer/semver": "^1.7.2 || ^3.4.0",
                "phpstan/phpstan": "^1.11",
                "phpstan/phpstan-phpunit": "^1",
                "symfony/phpunit-bridge": "^7.1.1",
                "symfony/process": "^5 || ^6 || ^7"
            },
            "type": "composer-plugin",
            "extra": {
                "class": "Composer\\Installers\\Plugin",
                "branch-alias": {
                    "dev-main": "2.x-dev"
                },
                "plugin-modifies-install-path": true
            },
            "autoload": {
                "psr-4": {
                    "Composer\\Installers\\": "src/Composer/Installers"
                }
            },
            "notification-url": "https://packagist.org/downloads/",
            "license": [
                "MIT"
            ],
            "authors": [
                {
                    "name": "Kyle Robinson Young",
                    "email": "kyle@dontkry.com",
                    "homepage": "https://github.com/shama"
                }
            ],
            "description": "A multi-framework Composer library installer",
            "homepage": "https://composer.github.io/installers/",
            "keywords": [
                "Dolibarr",
                "Eliasis",
                "Hurad",
                "ImageCMS",
                "Kanboard",
                "Lan Management System",
                "MODX Evo",
                "MantisBT",
                "Mautic",
                "Maya",
                "OXID",
                "Plentymarkets",
                "Porto",
                "RadPHP",
                "SMF",
                "Starbug",
                "Thelia",
                "Whmcs",
                "WolfCMS",
                "agl",
                "annotatecms",
                "attogram",
                "bitrix",
                "cakephp",
                "chef",
                "cockpit",
                "codeigniter",
                "concrete5",
                "concreteCMS",
                "croogo",
                "dokuwiki",
                "drupal",
                "eZ Platform",
                "elgg",
                "expressionengine",
                "fuelphp",
                "grav",
                "installer",
                "itop",
                "known",
                "kohana",
                "laravel",
                "lavalite",
                "lithium",
                "magento",
                "majima",
                "mako",
                "matomo",
                "mediawiki",
                "miaoxing",
                "modulework",
                "modx",
                "moodle",
                "osclass",
                "pantheon",
                "phpbb",
                "piwik",
                "ppi",
                "processwire",
                "puppet",
                "pxcms",
                "reindex",
                "roundcube",
                "shopware",
                "silverstripe",
                "sydes",
                "sylius",
                "tastyigniter",
                "wordpress",
                "yawik",
                "zend",
                "zikula"
            ],
            "support": {
                "issues": "https://github.com/composer/installers/issues",
                "source": "https://github.com/composer/installers/tree/v2.3.0"
            },
            "funding": [
                {
                    "url": "https://packagist.com",
                    "type": "custom"
                },
                {
                    "url": "https://github.com/composer",
                    "type": "github"
                },
                {
                    "url": "https://tidelift.com/funding/github/packagist/composer/composer",
                    "type": "tidelift"
                }
            ],
            "time": "2024-06-24T20:46:46+00:00"
        },
        {
            "name": "doctrine/inflector",
            "version": "2.0.10",
            "source": {
                "type": "git",
                "url": "https://github.com/doctrine/inflector.git",
                "reference": "5817d0659c5b50c9b950feb9af7b9668e2c436bc"
            },
            "dist": {
                "type": "zip",
                "url": "https://api.github.com/repos/doctrine/inflector/zipball/5817d0659c5b50c9b950feb9af7b9668e2c436bc",
                "reference": "5817d0659c5b50c9b950feb9af7b9668e2c436bc",
                "shasum": ""
            },
            "require": {
                "php": "^7.2 || ^8.0"
            },
            "require-dev": {
                "doctrine/coding-standard": "^11.0",
                "phpstan/phpstan": "^1.8",
                "phpstan/phpstan-phpunit": "^1.1",
                "phpstan/phpstan-strict-rules": "^1.3",
                "phpunit/phpunit": "^8.5 || ^9.5",
                "vimeo/psalm": "^4.25 || ^5.4"
            },
            "type": "library",
            "autoload": {
                "psr-4": {
                    "Doctrine\\Inflector\\": "lib/Doctrine/Inflector"
                }
            },
            "notification-url": "https://packagist.org/downloads/",
            "license": [
                "MIT"
            ],
            "authors": [
                {
                    "name": "Guilherme Blanco",
                    "email": "guilhermeblanco@gmail.com"
                },
                {
                    "name": "Roman Borschel",
                    "email": "roman@code-factory.org"
                },
                {
                    "name": "Benjamin Eberlei",
                    "email": "kontakt@beberlei.de"
                },
                {
                    "name": "Jonathan Wage",
                    "email": "jonwage@gmail.com"
                },
                {
                    "name": "Johannes Schmitt",
                    "email": "schmittjoh@gmail.com"
                }
            ],
            "description": "PHP Doctrine Inflector is a small library that can perform string manipulations with regard to upper/lowercase and singular/plural forms of words.",
            "homepage": "https://www.doctrine-project.org/projects/inflector.html",
            "keywords": [
                "inflection",
                "inflector",
                "lowercase",
                "manipulation",
                "php",
                "plural",
                "singular",
                "strings",
                "uppercase",
                "words"
            ],
            "support": {
                "issues": "https://github.com/doctrine/inflector/issues",
                "source": "https://github.com/doctrine/inflector/tree/2.0.10"
            },
            "funding": [
                {
                    "url": "https://www.doctrine-project.org/sponsorship.html",
                    "type": "custom"
                },
                {
                    "url": "https://www.patreon.com/phpdoctrine",
                    "type": "patreon"
                },
                {
                    "url": "https://tidelift.com/funding/github/packagist/doctrine%2Finflector",
                    "type": "tidelift"
                }
            ],
            "time": "2024-02-18T20:23:39+00:00"
        },
        {
            "name": "johnbillion/args",
            "version": "2.2.1",
            "source": {
                "type": "git",
                "url": "https://github.com/johnbillion/args.git",
                "reference": "ef9b110c4379ded08300c5484e4fa67455697c5b"
            },
            "dist": {
                "type": "zip",
                "url": "https://api.github.com/repos/johnbillion/args/zipball/ef9b110c4379ded08300c5484e4fa67455697c5b",
                "reference": "ef9b110c4379ded08300c5484e4fa67455697c5b",
                "shasum": ""
            },
            "require": {
                "php": ">=8.0"
            },
            "require-dev": {
                "ergebnis/json-printer": "3.7.0",
                "ergebnis/phpstan-rules": "1.0.0",
                "humanmade/coding-standards": "1.2.1",
                "johnbillion/falsey-assertequals-detector": "^3",
                "phpdocumentor/reflection": "~4.0 || ~5.0",
                "phpstan/phpstan": "1.12.12",
                "phpstan/phpstan-phpunit": "1.4.1",
                "phpstan/phpstan-strict-rules": "1.6.1",
                "phpunit/phpunit": "^9.0",
                "roots/wordpress-core-installer": "1.100.0",
                "roots/wordpress-full": "6.7",
                "szepeviktor/phpstan-wordpress": "1.3.5"
            },
            "type": "library",
            "extra": {
                "args-shapes": [
                    {
                        "file": "vendor/wordpress/wordpress/wp-includes/category.php",
                        "param": "args",
                        "function": "\\get_categories()"
                    },
                    {
                        "file": "vendor/wordpress/wordpress/wp-includes/comment.php",
                        "param": "args",
                        "function": "\\get_comments()"
                    },
                    {
                        "file": "vendor/wordpress/wordpress/wp-includes/post.php",
                        "param": "args",
                        "function": "\\get_posts()"
                    },
                    {
                        "file": "vendor/wordpress/wordpress/wp-includes/category.php",
                        "param": "args",
                        "function": "\\get_tags()"
                    },
                    {
                        "file": "vendor/wordpress/wordpress/wp-includes/taxonomy.php",
                        "param": "args",
                        "function": "\\get_terms()"
                    },
                    {
                        "file": "vendor/wordpress/wordpress/wp-includes/user.php",
                        "param": "args",
                        "function": "\\get_users()"
                    },
                    {
                        "file": "vendor/wordpress/wordpress/wp-includes/general-template.php",
                        "param": "args",
                        "function": "\\paginate_links()"
                    },
                    {
                        "file": "vendor/wordpress/wordpress/wp-includes/blocks.php",
                        "param": "args",
                        "function": "\\register_block_type()"
                    },
                    {
                        "file": "vendor/wordpress/wordpress/wp-includes/meta.php",
                        "param": "args",
                        "function": "\\register_meta()"
                    },
                    {
                        "file": "vendor/wordpress/wordpress/wp-includes/post.php",
                        "param": "args",
                        "function": "\\register_post_meta()"
                    },
                    {
                        "file": "vendor/wordpress/wordpress/wp-includes/post.php",
                        "param": "args",
                        "function": "\\register_post_status()"
                    },
                    {
                        "file": "vendor/wordpress/wordpress/wp-includes/post.php",
                        "param": "args",
                        "function": "\\register_post_type()"
                    },
                    {
                        "file": "vendor/wordpress/wordpress/wp-includes/rest-api.php",
                        "param": "args",
                        "function": "\\register_rest_field()"
                    },
                    {
                        "file": "vendor/wordpress/wordpress/wp-includes/option.php",
                        "param": "args",
                        "function": "\\register_setting()"
                    },
                    {
                        "file": "vendor/wordpress/wordpress/wp-includes/taxonomy.php",
                        "param": "args",
                        "function": "\\register_taxonomy()"
                    },
                    {
                        "file": "vendor/wordpress/wordpress/wp-includes/taxonomy.php",
                        "param": "args",
                        "function": "\\register_term_meta()"
                    },
                    {
                        "file": "vendor/wordpress/wordpress/wp-includes/taxonomy.php",
                        "param": "args",
                        "function": "\\wp_count_terms()"
                    },
                    {
                        "file": "vendor/wordpress/wordpress/wp-includes/functions.php",
                        "param": "args",
                        "function": "\\wp_die()"
                    },
                    {
                        "file": "vendor/wordpress/wordpress/wp-includes/category-template.php",
                        "param": "args",
                        "function": "\\wp_dropdown_categories()"
                    },
                    {
                        "file": "vendor/wordpress/wordpress/wp-includes/l10n.php",
                        "param": "args",
                        "function": "\\wp_dropdown_languages()"
                    },
                    {
                        "file": "vendor/wordpress/wordpress/wp-includes/category-template.php",
                        "param": "args",
                        "function": "\\wp_generate_tag_cloud()"
                    },
                    {
                        "file": "vendor/wordpress/wordpress/wp-includes/nav-menu.php",
                        "param": "args",
                        "function": "\\wp_get_nav_menus()"
                    },
                    {
                        "file": "vendor/wordpress/wordpress/wp-includes/taxonomy.php",
                        "param": "args",
                        "function": "\\wp_get_object_terms()"
                    },
                    {
                        "file": "vendor/wordpress/wordpress/wp-includes/post.php",
                        "param": "postarr",
                        "function": "\\wp_insert_post()"
                    },
                    {
                        "file": "vendor/wordpress/wordpress/wp-includes/taxonomy.php",
                        "param": "args",
                        "function": "\\wp_insert_term()"
                    },
                    {
                        "file": "vendor/wordpress/wordpress/wp-includes/user.php",
                        "param": "userdata",
                        "function": "\\wp_insert_user()"
                    },
                    {
                        "file": "vendor/wordpress/wordpress/wp-includes/nav-menu-template.php",
                        "param": "args",
                        "function": "\\wp_nav_menu()"
                    },
                    {
                        "file": "vendor/wordpress/wordpress/wp-includes/http.php",
                        "param": "args",
                        "function": "\\wp_remote_get()"
                    },
                    {
                        "file": "vendor/wordpress/wordpress/wp-includes/http.php",
                        "param": "args",
                        "function": "\\wp_remote_head()"
                    },
                    {
                        "file": "vendor/wordpress/wordpress/wp-includes/http.php",
                        "param": "args",
                        "function": "\\wp_remote_post()"
                    },
                    {
                        "file": "vendor/wordpress/wordpress/wp-includes/http.php",
                        "param": "args",
                        "function": "\\wp_remote_request()"
                    },
                    {
                        "file": "vendor/wordpress/wordpress/wp-includes/http.php",
                        "param": "args",
                        "function": "\\wp_safe_remote_get()"
                    },
                    {
                        "file": "vendor/wordpress/wordpress/wp-includes/http.php",
                        "param": "args",
                        "function": "\\wp_safe_remote_head()"
                    },
                    {
                        "file": "vendor/wordpress/wordpress/wp-includes/http.php",
                        "param": "args",
                        "function": "\\wp_safe_remote_post()"
                    },
                    {
                        "file": "vendor/wordpress/wordpress/wp-includes/http.php",
                        "param": "args",
                        "function": "\\wp_safe_remote_request()"
                    },
                    {
                        "file": "vendor/wordpress/wordpress/wp-includes/post.php",
                        "param": "postarr",
                        "function": "\\wp_update_post()"
                    },
                    {
                        "file": "vendor/wordpress/wordpress/wp-includes/taxonomy.php",
                        "param": "args",
                        "function": "\\wp_update_term()"
                    },
                    {
                        "file": "vendor/wordpress/wordpress/wp-includes/user.php",
                        "param": "userdata",
                        "function": "\\wp_update_user()"
                    },
                    {
                        "file": "vendor/wordpress/wordpress/wp-includes/class-wp-block-type.php",
                        "param": "args",
                        "method": "\\WP_Block_Type::__construct()"
                    },
                    {
                        "file": "vendor/wordpress/wordpress/wp-includes/class-wp-comment-query.php",
                        "param": "query",
                        "method": "\\WP_Comment_Query::__construct()"
                    },
                    {
                        "file": "vendor/wordpress/wordpress/wp-includes/class-wp-customize-control.php",
                        "param": "args",
                        "method": "\\WP_Customize_Control::__construct()"
                    },
                    {
                        "file": "vendor/wordpress/wordpress/wp-includes/class-wp-customize-manager.php",
                        "param": "args",
                        "method": "\\WP_Customize_Manager::__construct()"
                    },
                    {
                        "file": "vendor/wordpress/wordpress/wp-includes/class-wp-customize-panel.php",
                        "param": "args",
                        "method": "\\WP_Customize_Panel::__construct()"
                    },
                    {
                        "file": "vendor/wordpress/wordpress/wp-includes/class-wp-customize-section.php",
                        "param": "args",
                        "method": "\\WP_Customize_Section::__construct()"
                    },
                    {
                        "file": "vendor/wordpress/wordpress/wp-includes/class-wp-customize-setting.php",
                        "param": "args",
                        "method": "\\WP_Customize_Setting::__construct()"
                    },
                    {
                        "file": "vendor/wordpress/wordpress/wp-includes/class-wp-http.php",
                        "param": "args",
                        "method": "\\WP_Http::request()"
                    },
                    {
                        "file": "vendor/wordpress/wordpress/wp-includes/class-wp-query.php",
                        "param": "query",
                        "method": "\\WP_Query::parse_query()"
                    },
                    {
                        "file": "vendor/wordpress/wordpress/wp-includes/class-wp-term-query.php",
                        "param": "query",
                        "method": "\\WP_Term_Query::__construct()"
                    },
                    {
                        "file": "vendor/wordpress/wordpress/wp-includes/class-wp-user-query.php",
                        "param": "query",
                        "method": "\\WP_User_Query::prepare_query()"
                    }
                ],
                "wordpress-install-dir": "vendor/wordpress/wordpress"
            },
            "autoload": {
                "psr-4": {
                    "Args\\": "src/"
                }
            },
            "notification-url": "https://packagist.org/downloads/",
            "license": [
                "GPL-2.0-or-later"
            ],
            "authors": [
                {
                    "name": "John Blackbourn",
                    "homepage": "https://johnblackbourn.com/"
                }
            ],
            "description": "I don't want to get into an argument about this.",
            "support": {
                "issues": "https://github.com/johnbillion/args/issues",
                "source": "https://github.com/johnbillion/args/tree/2.2.1"
            },
            "funding": [
                {
                    "url": "https://github.com/sponsors/johnbillion",
                    "type": "github"
                }
            ],
            "time": "2024-11-30T23:22:24+00:00"
        },
        {
            "name": "johnbillion/extended-cpts",
            "version": "5.0.11",
            "source": {
                "type": "git",
                "url": "https://github.com/johnbillion/extended-cpts.git",
                "reference": "57f2e74155a12e7a37d07250e6739dbab5a732b3"
            },
            "dist": {
                "type": "zip",
                "url": "https://api.github.com/repos/johnbillion/extended-cpts/zipball/57f2e74155a12e7a37d07250e6739dbab5a732b3",
                "reference": "57f2e74155a12e7a37d07250e6739dbab5a732b3",
                "shasum": ""
            },
            "require": {
                "johnbillion/args": "^1.4.1 || ^2.0",
                "php": ">= 7.4.0"
            },
            "require-dev": {
                "automattic/phpcs-neutron-standard": "1.7.0",
                "dealerdirect/phpcodesniffer-composer-installer": "^0.7",
                "johnbillion/falsey-assertequals-detector": "*",
                "johnbillion/plugin-infrastructure": "dev-trunk",
                "johnbillion/wp-compat": "0.3.1",
                "lucatume/wp-browser": "3.2.3",
                "phpcompatibility/phpcompatibility-wp": "2.1.5",
                "phpstan/phpstan": "1.12.12",
                "phpstan/phpstan-phpunit": "1.4.1",
                "roots/wordpress-core-installer": "1.100.0",
                "roots/wordpress-full": "*",
                "szepeviktor/phpstan-wordpress": "1.3.5",
                "wp-coding-standards/wpcs": "2.3.0"
            },
            "type": "library",
            "extra": {
                "wordpress-install-dir": "vendor/wordpress/wordpress"
            },
            "autoload": {
                "files": [
                    "functions.php"
                ],
                "psr-4": {
                    "ExtCPTs\\": "src",
                    "ExtCPTs\\Tests\\": "tests/integration"
                }
            },
            "notification-url": "https://packagist.org/downloads/",
            "license": [
                "GPL-2.0-or-later"
            ],
            "authors": [
                {
                    "name": "John Blackbourn",
                    "homepage": "https://johnblackbourn.com/"
                }
            ],
            "description": "A library which provides extended functionality to WordPress custom post types and taxonomies.",
            "homepage": "https://github.com/johnbillion/extended-cpts/",
            "support": {
                "issues": "https://github.com/johnbillion/extended-cpts/issues",
                "source": "https://github.com/johnbillion/extended-cpts/tree/5.0.11"
            },
            "time": "2024-11-30T23:16:17+00:00"
        },
        {
            "name": "stoutlogic/acf-builder",
            "version": "v1.12.0",
            "source": {
                "type": "git",
                "url": "https://github.com/StoutLogic/acf-builder.git",
                "reference": "e63ab87233ea3675cd519f1dd6b6d4230b3cef97"
            },
            "dist": {
                "type": "zip",
                "url": "https://api.github.com/repos/StoutLogic/acf-builder/zipball/e63ab87233ea3675cd519f1dd6b6d4230b3cef97",
                "reference": "e63ab87233ea3675cd519f1dd6b6d4230b3cef97",
                "shasum": ""
            },
            "require": {
                "doctrine/inflector": "^1.1|^2.0",
                "php": ">=5.4.0"
            },
            "require-dev": {
                "phpdocumentor/reflection-docblock": "2.*",
                "phpunit/phpunit": "4.*",
                "squizlabs/php_codesniffer": "^2.6"
            },
            "type": "library",
            "autoload": {
                "psr-4": {
                    "StoutLogic\\AcfBuilder\\": "src/"
                }
            },
            "notification-url": "https://packagist.org/downloads/",
            "license": [
                "GPL-2.0+"
            ],
            "authors": [
                {
                    "name": "Steve Pfisterer",
                    "email": "steve@stoutlogic.com"
                }
            ],
            "description": "An Advanced Custom Field Configuration Builder",
            "support": {
                "issues": "https://github.com/StoutLogic/acf-builder/issues",
                "source": "https://github.com/StoutLogic/acf-builder/tree/v1.12.0"
            },
            "time": "2021-09-17T17:32:44+00:00"
        },
        {
            "name": "tombroucke/wp-models",
            "version": "2.5.2",
            "source": {
                "type": "git",
                "url": "https://github.com/tombroucke/wp-models.git",
                "reference": "48c4eb8999eeb5af49042c4d9cd6122ffd992571"
            },
            "dist": {
                "type": "zip",
                "url": "https://api.github.com/repos/tombroucke/wp-models/zipball/48c4eb8999eeb5af49042c4d9cd6122ffd992571",
                "reference": "48c4eb8999eeb5af49042c4d9cd6122ffd992571",
                "shasum": ""
            },
            "require": {
                "php": ">=8"
            },
            "require-dev": {
                "10up/wp_mock": "^0.5.0",
                "php-stubs/acf-pro-stubs": "^6.0",
                "phpunit/phpunit": "^9.5",
                "roave/security-advisories": "dev-latest",
                "squizlabs/php_codesniffer": "^3.6.2",
                "szepeviktor/phpstan-wordpress": "^1.1"
            },
            "type": "library",
            "autoload": {
                "psr-4": {
                    "Otomaties\\WpModels\\": "src/"
                }
            },
            "notification-url": "https://packagist.org/downloads/",
            "authors": [
                {
                    "name": "Tom Broucke",
                    "email": "tom@tombroucke.be"
                }
            ],
            "description": "Interact with posts, terms & users in a OOP way",
            "support": {
                "issues": "https://github.com/tombroucke/wp-models/issues",
                "source": "https://github.com/tombroucke/wp-models/tree/2.5.2"
            },
            "time": "2024-11-27T08:45:15+00:00"
        }
    ],
    "packages-dev": [
        {
            "name": "php-stubs/acf-pro-stubs",
            "version": "v6.3.10",
            "source": {
                "type": "git",
                "url": "https://github.com/php-stubs/acf-pro-stubs.git",
                "reference": "49a1766f214c8a8484b0b3c2de2a8188ce4fc354"
            },
            "dist": {
                "type": "zip",
                "url": "https://api.github.com/repos/php-stubs/acf-pro-stubs/zipball/49a1766f214c8a8484b0b3c2de2a8188ce4fc354",
                "reference": "49a1766f214c8a8484b0b3c2de2a8188ce4fc354",
                "shasum": ""
            },
            "require": {
                "php-stubs/wordpress-stubs": "^4.7 || ^5.0 || ^6.0"
            },
            "require-dev": {
                "php": "~7.1 || ^8.0",
                "php-stubs/generator": "^0.8",
                "phpdocumentor/reflection-docblock": "^5.3"
            },
            "suggest": {
                "symfony/polyfill-php73": "Symfony polyfill backporting some PHP 7.3+ features to lower PHP versions",
                "szepeviktor/phpstan-wordpress": "WordPress extensions for PHPStan"
            },
            "type": "library",
            "extra": {
                "installer-paths": {
                    "source/{$name}/": [
                        "type:wordpress-plugin"
                    ]
                }
            },
            "notification-url": "https://packagist.org/downloads/",
            "license": [
                "MIT"
            ],
            "description": "Advanced Custom Fields PRO stubs for static analysis.",
            "homepage": "https://github.com/php-stubs/acf-pro-stubs",
            "keywords": [
                "PHPStan",
                "acf",
                "static analysis",
                "wordpress"
            ],
            "support": {
                "issues": "https://github.com/php-stubs/acf-pro-stubs/issues",
                "source": "https://github.com/php-stubs/acf-pro-stubs/tree/v6.3.10"
            },
            "time": "2024-11-06T12:26:27+00:00"
        },
        {
            "name": "php-stubs/wordpress-stubs",
            "version": "v6.7.1",
            "source": {
                "type": "git",
                "url": "https://github.com/php-stubs/wordpress-stubs.git",
                "reference": "83448e918bf06d1ed3d67ceb6a985fc266a02fd1"
            },
            "dist": {
                "type": "zip",
                "url": "https://api.github.com/repos/php-stubs/wordpress-stubs/zipball/83448e918bf06d1ed3d67ceb6a985fc266a02fd1",
                "reference": "83448e918bf06d1ed3d67ceb6a985fc266a02fd1",
                "shasum": ""
            },
            "require-dev": {
                "dealerdirect/phpcodesniffer-composer-installer": "^1.0",
                "nikic/php-parser": "^4.13",
                "php": "^7.4 || ^8.0",
                "php-stubs/generator": "^0.8.3",
                "phpdocumentor/reflection-docblock": "^5.4.1",
                "phpstan/phpstan": "^1.11",
                "phpunit/phpunit": "^9.5",
                "szepeviktor/phpcs-psr-12-neutron-hybrid-ruleset": "^1.1.1",
                "wp-coding-standards/wpcs": "3.1.0 as 2.3.0"
            },
            "suggest": {
                "paragonie/sodium_compat": "Pure PHP implementation of libsodium",
                "symfony/polyfill-php80": "Symfony polyfill backporting some PHP 8.0+ features to lower PHP versions",
                "szepeviktor/phpstan-wordpress": "WordPress extensions for PHPStan"
            },
            "type": "library",
            "notification-url": "https://packagist.org/downloads/",
            "license": [
                "MIT"
            ],
            "description": "WordPress function and class declaration stubs for static analysis.",
            "homepage": "https://github.com/php-stubs/wordpress-stubs",
            "keywords": [
                "PHPStan",
                "static analysis",
                "wordpress"
            ],
            "support": {
                "issues": "https://github.com/php-stubs/wordpress-stubs/issues",
                "source": "https://github.com/php-stubs/wordpress-stubs/tree/v6.7.1"
            },
            "time": "2024-11-24T03:57:09+00:00"
        },
        {
            "name": "phpstan/phpstan",
            "version": "1.12.16",
            "source": {
                "type": "git",
                "url": "https://github.com/phpstan/phpstan.git",
                "reference": "e0bb5cb78545aae631220735aa706eac633a6be9"
            },
            "dist": {
                "type": "zip",
                "url": "https://api.github.com/repos/phpstan/phpstan/zipball/e0bb5cb78545aae631220735aa706eac633a6be9",
                "reference": "e0bb5cb78545aae631220735aa706eac633a6be9",
                "shasum": ""
            },
            "require": {
                "php": "^7.2|^8.0"
            },
            "conflict": {
                "phpstan/phpstan-shim": "*"
            },
            "bin": [
                "phpstan",
                "phpstan.phar"
            ],
            "type": "library",
            "autoload": {
                "files": [
                    "bootstrap.php"
                ]
            },
            "notification-url": "https://packagist.org/downloads/",
            "license": [
                "MIT"
            ],
            "description": "PHPStan - PHP Static Analysis Tool",
            "keywords": [
                "dev",
                "static analysis"
            ],
            "support": {
                "docs": "https://phpstan.org/user-guide/getting-started",
                "forum": "https://github.com/phpstan/phpstan/discussions",
                "issues": "https://github.com/phpstan/phpstan/issues",
                "security": "https://github.com/phpstan/phpstan/security/policy",
                "source": "https://github.com/phpstan/phpstan-src"
            },
            "funding": [
                {
                    "url": "https://github.com/ondrejmirtes",
                    "type": "github"
                },
                {
                    "url": "https://github.com/phpstan",
                    "type": "github"
                }
            ],
            "time": "2025-01-21T14:50:05+00:00"
        },
        {
            "name": "symfony/polyfill-php73",
            "version": "v1.31.0",
            "source": {
                "type": "git",
                "url": "https://github.com/symfony/polyfill-php73.git",
                "reference": "0f68c03565dcaaf25a890667542e8bd75fe7e5bb"
            },
            "dist": {
                "type": "zip",
                "url": "https://api.github.com/repos/symfony/polyfill-php73/zipball/0f68c03565dcaaf25a890667542e8bd75fe7e5bb",
                "reference": "0f68c03565dcaaf25a890667542e8bd75fe7e5bb",
                "shasum": ""
            },
            "require": {
                "php": ">=7.2"
            },
            "type": "library",
            "extra": {
                "thanks": {
                    "url": "https://github.com/symfony/polyfill",
                    "name": "symfony/polyfill"
                }
            },
            "autoload": {
                "files": [
                    "bootstrap.php"
                ],
                "psr-4": {
                    "Symfony\\Polyfill\\Php73\\": ""
                },
                "classmap": [
                    "Resources/stubs"
                ]
            },
            "notification-url": "https://packagist.org/downloads/",
            "license": [
                "MIT"
            ],
            "authors": [
                {
                    "name": "Nicolas Grekas",
                    "email": "p@tchwork.com"
                },
                {
                    "name": "Symfony Community",
                    "homepage": "https://symfony.com/contributors"
                }
            ],
            "description": "Symfony polyfill backporting some PHP 7.3+ features to lower PHP versions",
            "homepage": "https://symfony.com",
            "keywords": [
                "compatibility",
                "polyfill",
                "portable",
                "shim"
            ],
            "support": {
                "source": "https://github.com/symfony/polyfill-php73/tree/v1.31.0"
            },
            "funding": [
                {
                    "url": "https://symfony.com/sponsor",
                    "type": "custom"
                },
                {
                    "url": "https://github.com/fabpot",
                    "type": "github"
                },
                {
                    "url": "https://tidelift.com/funding/github/packagist/symfony/symfony",
                    "type": "tidelift"
                }
            ],
            "time": "2024-09-09T11:45:10+00:00"
        },
        {
            "name": "szepeviktor/phpstan-wordpress",
            "version": "v1.3.5",
            "source": {
                "type": "git",
                "url": "https://github.com/szepeviktor/phpstan-wordpress.git",
                "reference": "7f8cfe992faa96b6a33bbd75c7bace98864161e7"
            },
            "dist": {
                "type": "zip",
                "url": "https://api.github.com/repos/szepeviktor/phpstan-wordpress/zipball/7f8cfe992faa96b6a33bbd75c7bace98864161e7",
                "reference": "7f8cfe992faa96b6a33bbd75c7bace98864161e7",
                "shasum": ""
            },
            "require": {
                "php": "^7.2 || ^8.0",
                "php-stubs/wordpress-stubs": "^4.7 || ^5.0 || ^6.0",
                "phpstan/phpstan": "^1.10.31",
                "symfony/polyfill-php73": "^1.12.0"
            },
            "require-dev": {
                "composer/composer": "^2.1.14",
                "dealerdirect/phpcodesniffer-composer-installer": "^1.0",
                "php-parallel-lint/php-parallel-lint": "^1.1",
                "phpstan/phpstan-strict-rules": "^1.2",
                "phpunit/phpunit": "^8.0 || ^9.0",
                "szepeviktor/phpcs-psr-12-neutron-hybrid-ruleset": "^1.0",
                "wp-coding-standards/wpcs": "3.1.0 as 2.3.0"
            },
            "suggest": {
                "swissspidy/phpstan-no-private": "Detect usage of internal core functions, classes and methods"
            },
            "type": "phpstan-extension",
            "extra": {
                "phpstan": {
                    "includes": [
                        "extension.neon"
                    ]
                }
            },
            "autoload": {
                "psr-4": {
                    "SzepeViktor\\PHPStan\\WordPress\\": "src/"
                }
            },
            "notification-url": "https://packagist.org/downloads/",
            "license": [
                "MIT"
            ],
            "description": "WordPress extensions for PHPStan",
            "keywords": [
                "PHPStan",
                "code analyse",
                "code analysis",
                "static analysis",
                "wordpress"
            ],
            "support": {
                "issues": "https://github.com/szepeviktor/phpstan-wordpress/issues",
                "source": "https://github.com/szepeviktor/phpstan-wordpress/tree/v1.3.5"
            },
            "time": "2024-06-28T22:27:19+00:00"
        }
    ],
    "aliases": [],
    "minimum-stability": "stable",
    "stability-flags": {},
    "prefer-stable": false,
    "prefer-lowest": false,
    "platform": {},
    "platform-dev": {},
    "plugin-api-version": "2.6.0"
}
